// !$*UTF8*$!
{
	archiveVersion = 1;
	classes = {
	};
	objectVersion = 46;
	objects = {

/* Begin PBXBuildFile section */
		D1D0868A1BA2DD420042E580 /* main.cpp in Sources */ = {isa = PBXBuildFile; fileRef = D1D086871BA2DD420042E580 /* main.cpp */; };
		D1D0868B1BA2DD420042E580 /* prova_sqlite.cpp in Sources */ = {isa = PBXBuildFile; fileRef = D1D086881BA2DD420042E580 /* prova_sqlite.cpp */; };
/* End PBXBuildFile section */

/* Begin PBXCopyFilesBuildPhase section */
		D1D086721BA2DBE40042E580 /* CopyFiles */ = {
			isa = PBXCopyFilesBuildPhase;
			buildActionMask = 2147483647;
			dstPath = /usr/share/man/man1/;
			dstSubfolderSpec = 0;
			files = (
			);
			runOnlyForDeploymentPostprocessing = 1;
		};
/* End PBXCopyFilesBuildPhase section */

/* Begin PBXFileReference section */
		D1D086741BA2DBE40042E580 /* database */ = {isa = PBXFileReference; explicitFileType = "compiled.mach-o.executable"; includeInIndex = 0; path = database; sourceTree = BUILT_PRODUCTS_DIR; };
		D1D086851BA2DD420042E580 /* database.db */ = {isa = PBXFileReference; lastKnownFileType = file; path = database.db; sourceTree = "<group>"; };
		D1D086861BA2DD420042E580 /* f_database.h */ = {isa = PBXFileReference; fileEncoding = 4; lastKnownFileType = sourcecode.c.h; path = f_database.h; sourceTree = "<group>"; };
		D1D086871BA2DD420042E580 /* main.cpp */ = {isa = PBXFileReference; fileEncoding = 4; lastKnownFileType = sourcecode.cpp.cpp; path = main.cpp; sourceTree = "<group>"; };
		D1D086881BA2DD420042E580 /* prova_sqlite.cpp */ = {isa = PBXFileReference; fileEncoding = 4; lastKnownFileType = sourcecode.cpp.cpp; path = prova_sqlite.cpp; sourceTree = "<group>"; };
		D1D086891BA2DD420042E580 /* sqlite_query_instruction.rtf */ = {isa = PBXFileReference; fileEncoding = 4; lastKnownFileType = text.rtf; path = sqlite_query_instruction.rtf; sourceTree = "<group>"; };
/* End PBXFileReference section */

/* Begin PBXFrameworksBuildPhase section */
		D1D086711BA2DBE40042E580 /* Frameworks */ = {
			isa = PBXFrameworksBuildPhase;
			buildActionMask = 2147483647;
			files = (
			);
			runOnlyForDeploymentPostprocessing = 0;
		};
/* End PBXFrameworksBuildPhase section */

/* Begin PBXGroup section */
		D1D0866B1BA2DBE40042E580 = {
			isa = PBXGroup;
			children = (
				D1D086851BA2DD420042E580 /* database.db */,
				D1D086861BA2DD420042E580 /* f_database.h */,
				D1D086871BA2DD420042E580 /* main.cpp */,
				D1D086881BA2DD420042E580 /* prova_sqlite.cpp */,
				D1D086891BA2DD420042E580 /* sqlite_query_instruction.rtf */,
				D1D086751BA2DBE40042E580 /* Products */,
			);
			sourceTree = "<group>";
		};
		D1D086751BA2DBE40042E580 /* Products */ = {
			isa = PBXGroup;
			children = (
				D1D086741BA2DBE40042E580 /* database */,
			);
			name = Products;
			sourceTree = "<group>";
		};
/* End PBXGroup section */

/* Begin PBXNativeTarget section */
		D1D086731BA2DBE40042E580 /* database */ = {
			isa = PBXNativeTarget;
			buildConfigurationList = D1D0867B1BA2DBE40042E580 /* Build configuration list for PBXNativeTarget "database" */;
			buildPhases = (
				D1D086701BA2DBE40042E580 /* Sources */,
				D1D086711BA2DBE40042E580 /* Frameworks */,
				D1D086721BA2DBE40042E580 /* CopyFiles */,
			);
			buildRules = (
			);
			dependencies = (
			);
			name = database;
			productName = database;
			productReference = D1D086741BA2DBE40042E580 /* database */;
			productType = "com.apple.product-type.tool";
		};
/* End PBXNativeTarget section */

/* Begin PBXProject section */
		D1D0866C1BA2DBE40042E580 /* Project object */ = {
			isa = PBXProject;
			attributes = {
				LastUpgradeCheck = 0640;
				ORGANIZATIONNAME = "Ilaria Cazzaniga";
				TargetAttributes = {
					D1D086731BA2DBE40042E580 = {
						CreatedOnToolsVersion = 6.4;
					};
				};
			};
			buildConfigurationList = D1D0866F1BA2DBE40042E580 /* Build configuration list for PBXProject "database" */;
			compatibilityVersion = "Xcode 3.2";
			developmentRegion = English;
			hasScannedForEncodings = 0;
			knownRegions = (
				en,
			);
			mainGroup = D1D0866B1BA2DBE40042E580;
			productRefGroup = D1D086751BA2DBE40042E580 /* Products */;
			projectDirPath = "";
			projectRoot = "";
			targets = (
				D1D086731BA2DBE40042E580 /* database */,
			);
		};
/* End PBXProject section */

/* Begin PBXSourcesBuildPhase section */
		D1D086701BA2DBE40042E580 /* Sources */ = {
			isa = PBXSourcesBuildPhase;
			buildActionMask = 2147483647;
			files = (
				D1D0868B1BA2DD420042E580 /* prova_sqlite.cpp in Sources */,
				D1D0868A1BA2DD420042E580 /* main.cpp in Sources */,
			);
			runOnlyForDeploymentPostprocessing = 0;
		};
/* End PBXSourcesBuildPhase section */

/* Begin XCBuildConfiguration section */
		D1D086791BA2DBE40042E580 /* Debug */ = {
			isa = XCBuildConfiguration;
			buildSettings = {
				ALWAYS_SEARCH_USER_PATHS = NO;
				CLANG_CXX_LANGUAGE_STANDARD = "gnu++0x";
				CLANG_CXX_LIBRARY = "libc++";
				CLANG_ENABLE_MODULES = YES;
				CLANG_ENABLE_OBJC_ARC = YES;
				CLANG_WARN_BOOL_CONVERSION = YES;
				CLANG_WARN_CONSTANT_CONVERSION = YES;
				CLANG_WARN_DIRECT_OBJC_ISA_USAGE = YES_ERROR;
				CLANG_WARN_EMPTY_BODY = YES;
				CLANG_WARN_ENUM_CONVERSION = YES;
				CLANG_WARN_INT_CONVERSION = YES;
				CLANG_WARN_OBJC_ROOT_CLASS = YES_ERROR;
				CLANG_WARN_UNREACHABLE_CODE = YES;
				CLANG_WARN__DUPLICATE_METHOD_MATCH = YES;
				COPY_PHASE_STRIP = NO;
				DEBUG_INFORMATION_FORMAT = dwarf;
				ENABLE_STRICT_OBJC_MSGSEND = YES;
				GCC_C_LANGUAGE_STANDARD = gnu99;
				GCC_DYNAMIC_NO_PIC = NO;
				GCC_NO_COMMON_BLOCKS = YES;
				GCC_OPTIMIZATION_LEVEL = 0;
				GCC_PREPROCESSOR_DEFINITIONS = (
					"DEBUG=1",
					"$(inherited)",
				);
				GCC_SYMBOLS_PRIVATE_EXTERN = NO;
				GCC_WARN_64_TO_32_BIT_CONVERSION = YES;
				GCC_WARN_ABOUT_RETURN_TYPE = YES_ERROR;
				GCC_WARN_UNDECLARED_SELECTOR = YES;
				GCC_WARN_UNINITIALIZED_AUTOS = YES_AGGRESSIVE;
				GCC_WARN_UNUSED_FUNCTION = YES;
				GCC_WARN_UNUSED_VARIABLE = YES;
				MACOSX_DEPLOYMENT_TARGET = 10.10;
				MTL_ENABLE_DEBUG_INFO = YES;
				ONLY_ACTIVE_ARCH = YES;
				SDKROOT = macosx;
			};
			name = Debug;
		};
		D1D0867A1BA2DBE40042E580 /* Release */ = {
			isa = XCBuildConfiguration;
			buildSettings = {
				ALWAYS_SEARCH_USER_PATHS = NO;
				CLANG_CXX_LANGUAGE_STANDARD = "gnu++0x";
				CLANG_CXX_LIBRARY = "libc++";
				CLANG_ENABLE_MODULES = YES;
				CLANG_ENABLE_OBJC_ARC = YES;
				CLANG_WARN_BOOL_CONVERSION = YES;
				CLANG_WARN_CONSTANT_CONVERSION = YES;
				CLANG_WARN_DIRECT_OBJC_ISA_USAGE = YES_ERROR;
				CLANG_WARN_EMPTY_BODY = YES;
				CLANG_WARN_ENUM_CONVERSION = YES;
				CLANG_WARN_INT_CONVERSION = YES;
				CLANG_WARN_OBJC_ROOT_CLASS = YES_ERROR;
				CLANG_WARN_UNREACHABLE_CODE = YES;
				CLANG_WARN__DUPLICATE_METHOD_MATCH = YES;
				COPY_PHASE_STRIP = NO;
				DEBUG_INFORMATION_FORMAT = "dwarf-with-dsym";
				ENABLE_NS_ASSERTIONS = NO;
				ENABLE_STRICT_OBJC_MSGSEND = YES;
				GCC_C_LANGUAGE_STANDARD = gnu99;
				GCC_NO_COMMON_BLOCKS = YES;
				GCC_WARN_64_TO_32_BIT_CONVERSION = YES;
				GCC_WARN_ABOUT_RETURN_TYPE = YES_ERROR;
				GCC_WARN_UNDECLARED_SELECTOR = YES;
				GCC_WARN_UNINITIALIZED_AUTOS = YES_AGGRESSIVE;
				GCC_WARN_UNUSED_FUNCTION = YES;
				GCC_WARN_UNUSED_VARIABLE = YES;
				MACOSX_DEPLOYMENT_TARGET = 10.10;
				MTL_ENABLE_DEBUG_INFO = NO;
				SDKROOT = macosx;
			};
			name = Release;
		};
		D1D0867C1BA2DBE40042E580 /* Debug */ = {
			isa = XCBuildConfiguration;
			buildSettings = {
				PRODUCT_NAME = "$(TARGET_NAME)";
			};
			name = Debug;
		};
		D1D0867D1BA2DBE40042E580 /* Release */ = {
			isa = XCBuildConfiguration;
			buildSettings = {
				PRODUCT_NAME = "$(TARGET_NAME)";
			};
			name = Release;
		};
/* End XCBuildConfiguration section */

/* Begin XCConfigurationList section */
		D1D0866F1BA2DBE40042E580 /* Build configuration list for PBXProject "database" */ = {
			isa = XCConfigurationList;
			buildConfigurations = (
				D1D086791BA2DBE40042E580 /* Debug */,
				D1D0867A1BA2DBE40042E580 /* Release */,
			);
			defaultConfigurationIsVisible = 0;
			defaultConfigurationName = Release;
		};
		D1D0867B1BA2DBE40042E580 /* Build configuration list for PBXNativeTarget "database" */ = {
			isa = XCConfigurationList;
			buildConfigurations = (
				D1D0867C1BA2DBE40042E580 /* Debug */,
				D1D0867D1BA2DBE40042E580 /* Release */,
			);
			defaultConfigurationIsVisible = 0;
			defaultConfigurationName = Release;
		};
/* End XCConfigurationList section */
	};
	rootObject = D1D0866C1BA2DBE40042E580 /* Project object */;
}
